
Microsoft Visual Studio Solution File, Format Version 12.00
# Visual Studio Version 17
VisualStudioVersion = 17.9.34622.214
MinimumVisualStudioVersion = 10.0.40219.1
Project("{FAE04EC0-301F-11D3-BF4B-00C04F79EFBC}") = "Gestao.Domain", "Gestao.Domain\Gestao.Domain.csproj", "{4BFB925E-B1BE-C444-E0F9-77452B137FC0}"
EndProject
Project("{FAE04EC0-301F-11D3-BF4B-00C04F79EFBC}") = "Gestao.Client", "Gestao.Client\Gestao.Client.csproj", "{0E5944F0-6900-93D9-2055-FB5D0D99657C}"
EndProject
Project("{FAE04EC0-301F-11D3-BF4B-00C04F79EFBC}") = "Gestao.Database", "Gestao.DataBase\Gestao.Database.csproj", "{B2C0100E-2DF2-3367-3EB4-266090F0C018}"
EndProject
Project("{FAE04EC0-301F-11D3-BF4B-00C04F79EFBC}") = "Gestao.Server", "Gestao.Server\Gestao.Server.csproj", "{E824B883-CE01-B6C2-C7DA-B001163926FE}"
EndProject
Global
	GlobalSection(SolutionConfigurationPlatforms) = preSolution
		Debug|Any CPU = Debug|Any CPU
		Release|Any CPU = Release|Any CPU
	EndGlobalSection
	GlobalSection(ProjectConfigurationPlatforms) = postSolution
		{4BFB925E-B1BE-C444-E0F9-77452B137FC0}.Debug|Any CPU.ActiveCfg = Debug|Any CPU
		{4BFB925E-B1BE-C444-E0F9-77452B137FC0}.Debug|Any CPU.Build.0 = Debug|Any CPU
		{4BFB925E-B1BE-C444-E0F9-77452B137FC0}.Release|Any CPU.ActiveCfg = Release|Any CPU
		{4BFB925E-B1BE-C444-E0F9-77452B137FC0}.Release|Any CPU.Build.0 = Release|Any CPU
		{0E5944F0-6900-93D9-2055-FB5D0D99657C}.Debug|Any CPU.ActiveCfg = Debug|Any CPU
		{0E5944F0-6900-93D9-2055-FB5D0D99657C}.Debug|Any CPU.Build.0 = Debug|Any CPU
		{0E5944F0-6900-93D9-2055-FB5D0D99657C}.Release|Any CPU.ActiveCfg = Release|Any CPU
		{0E5944F0-6900-93D9-2055-FB5D0D99657C}.Release|Any CPU.Build.0 = Release|Any CPU
		{B2C0100E-2DF2-3367-3EB4-266090F0C018}.Debug|Any CPU.ActiveCfg = Debug|Any CPU
		{B2C0100E-2DF2-3367-3EB4-266090F0C018}.Debug|Any CPU.Build.0 = Debug|Any CPU
		{B2C0100E-2DF2-3367-3EB4-266090F0C018}.Release|Any CPU.ActiveCfg = Release|Any CPU
		{B2C0100E-2DF2-3367-3EB4-266090F0C018}.Release|Any CPU.Build.0 = Release|Any CPU
		{E824B883-CE01-B6C2-C7DA-B001163926FE}.Debug|Any CPU.ActiveCfg = Debug|Any CPU
		{E824B883-CE01-B6C2-C7DA-B001163926FE}.Debug|Any CPU.Build.0 = Debug|Any CPU
		{E824B883-CE01-B6C2-C7DA-B001163926FE}.Release|Any CPU.ActiveCfg = Release|Any CPU
		{E824B883-CE01-B6C2-C7DA-B001163926FE}.Release|Any CPU.Build.0 = Release|Any CPU
	EndGlobalSection
	GlobalSection(SolutionProperties) = preSolution
		HideSolutionNode = FALSE
	EndGlobalSection
	GlobalSection(ExtensibilityGlobals) = postSolution
		SolutionGuid = {04E8EE35-013A-48C6-A28D-04D7B44F0D85}
	EndGlobalSection
EndGlobal
